{
  "requires": true,
  "lockfileVersion": 1,
  "dependencies": {
    "vue-google-charts": {
      "version": "1.1.0",
      "resolved": "https://registry.npmjs.org/vue-google-charts/-/vue-google-charts-1.1.0.tgz",
      "integrity": "sha512-wGAgAynIIUKmP5eJUFlx69e8gjIDpyqHlVsvFyrnd2tGZk3a6FI83dRhdssxPyOc9y41+2QEfqUV9SsR+n6s5A=="
    }
  }
}
